<?xml version="1.0" encoding="utf-8"?>
<Project ToolsVersion="4.0" xmlns="http://schemas.microsoft.com/developer/msbuild/2003">
  <ItemGroup>
    <Filter Include="ASDAS">
      <UniqueIdentifier>{51E6C50C-BDFA-EDBD-867C-911DF24FEAEE}</UniqueIdentifier>
    </Filter>
  </ItemGroup>
  <ItemGroup>
    <ClInclude Include="Source\Haste.h" />
    <ClInclude Include="Source\Token.h" />
    <ClInclude Include="Source\TokenType.h" />
    <ClInclude Include="Source\Lexer.h" />
    <ClInclude Include="Source\Types.h" />
    <ClInclude Include="Source\Expr.h" />
    <ClInclude Include="Source\ExprVisitor.h" />
    <ClInclude Include="Source\ExprFwd.h" />
    <ClInclude Include="Source\ASTPrinter.h" />
    <ClInclude Include="Source\Parser.h" />
    <ClInclude Include="Source\Object.h" />
  </ItemGroup>
  <ItemGroup>
    <ClCompile Include="Source\main.cpp" />
    <ClCompile Include="Source\Haste.cpp" />
    <ClCompile Include="Source\Lexer.cpp" />
    <ClCompile Include="Source\Expr.cpp" />
    <ClCompile Include="Source\ASTPrinter.cpp" />
    <ClCompile Include="Source\Parser.cpp" />
  </ItemGroup>
</Project>